
Microsoft Visual Studio Solution File, Format Version 12.00
# Visual Studio 15
VisualStudioVersion = 15.0.28307.1169
MinimumVisualStudioVersion = 10.0.40219.1
Project("{FAE04EC0-301F-11D3-BF4B-00C04F79EFBC}") = "generic repository pattern", "generic repository pattern\generic repository pattern.csproj", "{002AE16B-7BA9-4904-8C6D-923D0AEEE720}"
EndProject
Global
	GlobalSection(SolutionConfigurationPlatforms) = preSolution
		Debug|Any CPU = Debug|Any CPU
		Release|Any CPU = Release|Any CPU
	EndGlobalSection
	GlobalSection(ProjectConfigurationPlatforms) = postSolution
		{002AE16B-7BA9-4904-8C6D-923D0AEEE720}.Debug|Any CPU.ActiveCfg = Debug|Any CPU
		{002AE16B-7BA9-4904-8C6D-923D0AEEE720}.Debug|Any CPU.Build.0 = Debug|Any CPU
		{002AE16B-7BA9-4904-8C6D-923D0AEEE720}.Release|Any CPU.ActiveCfg = Release|Any CPU
		{002AE16B-7BA9-4904-8C6D-923D0AEEE720}.Release|Any CPU.Build.0 = Release|Any CPU
	EndGlobalSection
	GlobalSection(SolutionProperties) = preSolution
		HideSolutionNode = FALSE
	EndGlobalSection
	GlobalSection(ExtensibilityGlobals) = postSolution
		SolutionGuid = {FE233DC8-C43C-46AA-BF75-F523A025A22A}
	EndGlobalSection
EndGlobal
